lockfileVersion: '9.0'

settings:
  autoInstallPeers: true
  excludeLinksFromLockfile: false

importers:

  .:
    devDependencies:
      '@types/node':
        specifier: ^24.0.0
        version: 24.12.4
      '@typescript/native-preview':
        specifier: 7.0.0-dev.20260522.1
        version: 7.0.0-dev.20260522.1

packages:

  '@types/node@24.12.4':
    resolution: {integrity: sha512-GUUEShf+PBCGW2KaXwcIt3Yk+e3pkKwWKb9GSyM9WQVE+ep2jzmHdGsHzu4wgcZy5fN9FBdVzjpBQsYlpfpgLA==}

  '@typescript/native-preview-darwin-arm64@7.0.0-dev.20260522.1':
    resolution: {integrity: sha512-kp2JX8wSCQ5i8f5Zr30t9TdAIEw8s3MCvT1zEe6PJAHU7aUHTnRCM+oAHEM8QxM29VD/PxR6b5dVKxHtX7Ny/A==}
    engines: {node: '>=16.20.0'}
    cpu: [arm64]
    os: [darwin]

  '@typescript/native-preview-darwin-x64@7.0.0-dev.20260522.1':
    resolution: {integrity: sha512-jX89E/hV/r0fOcP4+JWdKSugJXmWbOO74aC5a1U8+U7TBD1TTfK50Da+BL8Sf2Xud2ybqQ+2FUHAlBsLTC743g==}
    engines: {node: '>=16.20.0'}
    cpu: [x64]
    os: [darwin]

  '@typescript/native-preview-linux-arm64@7.0.0-dev.20260522.1':
    resolution: {integrity: sha512-XFLpJNscLKqT6LLSBrv78DzLdzwFYOePeluRBF616KUPEcfiXliTan1YuHQh4m9i9o6tvW/NnuAPlr/Q8DObsg==}
    engines: {node: '>=16.20.0'}
    cpu: [arm64]
    os: [linux]

  '@typescript/native-preview-linux-arm@7.0.0-dev.20260522.1':
    resolution: {integrity: sha512-vItWfPtZfUQLaVJe0iClfsKSDtkUCUTp2LfEXBHqBCdWhoE3irg7Ivs41l3sp4zXlTio5SUvMzvO8/Mc2SImzA==}
    engines: {node: '>=16.20.0'}
    cpu: [arm]
    os: [linux]

  '@typescript/native-preview-linux-x64@7.0.0-dev.20260522.1':
    resolution: {integrity: sha512-r5wkbqL+qpI3QN3GiF0dg5A0PD5x9cfYSSCD744+Ov35P8inuJSySjR44gdoOF3IcFTupPEc/4q4to/gId1kZQ==}
    engines: {node: '>=16.20.0'}
    cpu: [x64]
    os: [linux]

  '@typescript/native-preview-win32-arm64@7.0.0-dev.20260522.1':
    resolution: {integrity: sha512-Xtqw0dfE35WISVqN2J9hp21N6l5MT21DSgJ4w/cXisDZlaeT0Vq57CgUWUbLT4CEw5gs0QK6kmUFOSAP7Dga6Q==}
    engines: {node: '>=16.20.0'}
    cpu: [arm64]
    os: [win32]

  '@typescript/native-preview-win32-x64@7.0.0-dev.20260522.1':
    resolution: {integrity: sha512-CBTpf7skuTNgHzjwEbw3ujU76r/u9asENXc9xQmgj6qCJ1+ZHn34MMzolkUegwtHWfuem38ayYTJOMn2dmNQ5g==}
    engines: {node: '>=16.20.0'}
    cpu: [x64]
    os: [win32]

  '@typescript/native-preview@7.0.0-dev.20260522.1':
    resolution: {integrity: sha512-NgnE3PE3/nr4Qr8p1uCIkaM5YmNa8hQGhzb8Olb6w09aocg4Wq8bjrFHe4qZH2kgV+Hl4gGXRNb9ww1P2fwc9Q==}
    engines: {node: '>=16.20.0'}
    hasBin: true

  undici-types@7.16.0:
    resolution: {integrity: sha512-Zz+aZWSj8LE6zoxD+xrjh4VfkIG8Ya6LvYkZqtUQGJPZjYl53ypCaUwWqo7eI0x66KBGeRo+mlBEkMSeSZ38Nw==}

snapshots:

  '@types/node@24.12.4':
    dependencies:
      undici-types: 7.16.0

  '@typescript/native-preview-darwin-arm64@7.0.0-dev.20260522.1':
    optional: true

  '@typescript/native-preview-darwin-x64@7.0.0-dev.20260522.1':
    optional: true

  '@typescript/native-preview-linux-arm64@7.0.0-dev.20260522.1':
    optional: true

  '@typescript/native-preview-linux-arm@7.0.0-dev.20260522.1':
    optional: true

  '@typescript/native-preview-linux-x64@7.0.0-dev.20260522.1':
    optional: true

  '@typescript/native-preview-win32-arm64@7.0.0-dev.20260522.1':
    optional: true

  '@typescript/native-preview-win32-x64@7.0.0-dev.20260522.1':
    optional: true

  '@typescript/native-preview@7.0.0-dev.20260522.1':
    optionalDependencies:
      '@typescript/native-preview-darwin-arm64': 7.0.0-dev.20260522.1
      '@typescript/native-preview-darwin-x64': 7.0.0-dev.20260522.1
      '@typescript/native-preview-linux-arm': 7.0.0-dev.20260522.1
      '@typescript/native-preview-linux-arm64': 7.0.0-dev.20260522.1
      '@typescript/native-preview-linux-x64': 7.0.0-dev.20260522.1
      '@typescript/native-preview-win32-arm64': 7.0.0-dev.20260522.1
      '@typescript/native-preview-win32-x64': 7.0.0-dev.20260522.1

  undici-types@7.16.0: {}
